
Microsoft Visual Studio Solution File, Format Version 12.00
# Visual Studio Version 16
VisualStudioVersion = 16.0.31105.61
MinimumVisualStudioVersion = 10.0.40219.1
Project("{FAE04EC0-301F-11D3-BF4B-00C04F79EFBC}") = "Cliente_2", "Segundo_Ejercicio\Cliente_2.csproj", "{EA4B1F2F-E3CE-472A-A52F-71CDC4B92A63}"
EndProject
Global
	GlobalSection(SolutionConfigurationPlatforms) = preSolution
		Debug|Any CPU = Debug|Any CPU
		Release|Any CPU = Release|Any CPU
	EndGlobalSection
	GlobalSection(ProjectConfigurationPlatforms) = postSolution
		{EA4B1F2F-E3CE-472A-A52F-71CDC4B92A63}.Debug|Any CPU.ActiveCfg = Debug|Any CPU
		{EA4B1F2F-E3CE-472A-A52F-71CDC4B92A63}.Debug|Any CPU.Build.0 = Debug|Any CPU
		{EA4B1F2F-E3CE-472A-A52F-71CDC4B92A63}.Release|Any CPU.ActiveCfg = Release|Any CPU
		{EA4B1F2F-E3CE-472A-A52F-71CDC4B92A63}.Release|Any CPU.Build.0 = Release|Any CPU
	EndGlobalSection
	GlobalSection(SolutionProperties) = preSolution
		HideSolutionNode = FALSE
	EndGlobalSection
	GlobalSection(ExtensibilityGlobals) = postSolution
		SolutionGuid = {EBB49B8E-113C-4B8E-97F7-5B1C9F0CD07A}
	EndGlobalSection
EndGlobal
